
Microsoft Visual Studio Solution File, Format Version 12.00
# Visual Studio 15
VisualStudioVersion = 15.0.26730.12
MinimumVisualStudioVersion = 10.0.40219.1
Project("{9A19103F-16F7-4668-BE54-9A1E7A4F7556}") = "AnalysisLibrary", "Library\AnalysisLibrary.csproj", "{095957F1-54F9-420F-B7D0-0B9B06118FAE}"
EndProject
Project("{9A19103F-16F7-4668-BE54-9A1E7A4F7556}") = "AnalysisTest", "UnitTest\AnalysisTest.csproj", "{647EA10C-5B3F-48A0-89BA-406F754A9215}"
EndProject
Project("{9A19103F-16F7-4668-BE54-9A1E7A4F7556}") = "DesignLibrary", "DesignLibrary\DesignLibrary.csproj", "{D6A8C3DB-A5A4-4F0E-A1FB-B68F046FECD3}"
EndProject
Project("{9A19103F-16F7-4668-BE54-9A1E7A4F7556}") = "DesignTest", "DesignTest\DesignTest.csproj", "{C6382674-5941-47F6-9D1E-B7B2A399058A}"
EndProject
Project("{9A19103F-16F7-4668-BE54-9A1E7A4F7556}") = "BengansBowlinghallTest", "BengansBowlinghallTest\BengansBowlinghallTest.csproj", "{00B96AF4-EAF7-4D9C-B6E2-FD4E628F3191}"
EndProject
Project("{9A19103F-16F7-4668-BE54-9A1E7A4F7556}") = "BengansBowlinghallLibrary", "BengansLibrary\BengansBowlinghallLibrary.csproj", "{367A6A10-F82F-499C-9E20-6BBBB99B50F8}"
EndProject
Global
	GlobalSection(SolutionConfigurationPlatforms) = preSolution
		Debug|Any CPU = Debug|Any CPU
		Release|Any CPU = Release|Any CPU
	EndGlobalSection
	GlobalSection(ProjectConfigurationPlatforms) = postSolution
		{095957F1-54F9-420F-B7D0-0B9B06118FAE}.Debug|Any CPU.ActiveCfg = Debug|Any CPU
		{095957F1-54F9-420F-B7D0-0B9B06118FAE}.Debug|Any CPU.Build.0 = Debug|Any CPU
		{095957F1-54F9-420F-B7D0-0B9B06118FAE}.Release|Any CPU.ActiveCfg = Release|Any CPU
		{095957F1-54F9-420F-B7D0-0B9B06118FAE}.Release|Any CPU.Build.0 = Release|Any CPU
		{647EA10C-5B3F-48A0-89BA-406F754A9215}.Debug|Any CPU.ActiveCfg = Debug|Any CPU
		{647EA10C-5B3F-48A0-89BA-406F754A9215}.Debug|Any CPU.Build.0 = Debug|Any CPU
		{647EA10C-5B3F-48A0-89BA-406F754A9215}.Release|Any CPU.ActiveCfg = Release|Any CPU
		{647EA10C-5B3F-48A0-89BA-406F754A9215}.Release|Any CPU.Build.0 = Release|Any CPU
		{D6A8C3DB-A5A4-4F0E-A1FB-B68F046FECD3}.Debug|Any CPU.ActiveCfg = Debug|Any CPU
		{D6A8C3DB-A5A4-4F0E-A1FB-B68F046FECD3}.Debug|Any CPU.Build.0 = Debug|Any CPU
		{D6A8C3DB-A5A4-4F0E-A1FB-B68F046FECD3}.Release|Any CPU.ActiveCfg = Release|Any CPU
		{D6A8C3DB-A5A4-4F0E-A1FB-B68F046FECD3}.Release|Any CPU.Build.0 = Release|Any CPU
		{C6382674-5941-47F6-9D1E-B7B2A399058A}.Debug|Any CPU.ActiveCfg = Debug|Any CPU
		{C6382674-5941-47F6-9D1E-B7B2A399058A}.Debug|Any CPU.Build.0 = Debug|Any CPU
		{C6382674-5941-47F6-9D1E-B7B2A399058A}.Release|Any CPU.ActiveCfg = Release|Any CPU
		{C6382674-5941-47F6-9D1E-B7B2A399058A}.Release|Any CPU.Build.0 = Release|Any CPU
		{00B96AF4-EAF7-4D9C-B6E2-FD4E628F3191}.Debug|Any CPU.ActiveCfg = Debug|Any CPU
		{00B96AF4-EAF7-4D9C-B6E2-FD4E628F3191}.Debug|Any CPU.Build.0 = Debug|Any CPU
		{00B96AF4-EAF7-4D9C-B6E2-FD4E628F3191}.Release|Any CPU.ActiveCfg = Release|Any CPU
		{00B96AF4-EAF7-4D9C-B6E2-FD4E628F3191}.Release|Any CPU.Build.0 = Release|Any CPU
		{367A6A10-F82F-499C-9E20-6BBBB99B50F8}.Debug|Any CPU.ActiveCfg = Debug|Any CPU
		{367A6A10-F82F-499C-9E20-6BBBB99B50F8}.Debug|Any CPU.Build.0 = Debug|Any CPU
		{367A6A10-F82F-499C-9E20-6BBBB99B50F8}.Release|Any CPU.ActiveCfg = Release|Any CPU
		{367A6A10-F82F-499C-9E20-6BBBB99B50F8}.Release|Any CPU.Build.0 = Release|Any CPU
	EndGlobalSection
	GlobalSection(SolutionProperties) = preSolution
		HideSolutionNode = FALSE
	EndGlobalSection
	GlobalSection(ExtensibilityGlobals) = postSolution
		SolutionGuid = {B1A14825-B2D8-4560-9E52-26AE751C9750}
	EndGlobalSection
EndGlobal
